go.yaml.in/yaml/v2 v2.4.4 h1:tuyd0P+2Ont/d6e2rl3be67goVK4R6deVxCUX5vyPaQ=
go.yaml.in/yaml/v2 v2.4.4/go.mod h1:gMZqIpDtDqOfM0uNfy0SkpRhvUryYH0Z6wdMYcacYXQ=
k8s.io/api v0.37.1 h1:l6N77U7tjwB5L056bgrBTJIEdevac/naBZ3iSvDNfpM=
k8s.io/api v0.37.1/go.mod h1:zSlbB1YpJ1YQlFVQy20UYll81UJSJJUMLhkhvg6Z78M=
k8s.io/apimachinery v0.37.1 h1:hGCYyvKHCwtwMitj2vU4vYx0Z16N9GyZk9BBnz0wDAE=
k8s.io/apimachinery v0.37.1/go.mod h1:jF84AyUi/IRIXRot5f+lm6MpxoWI+F1XgjaMmwCdTFw=
k8s.io/client-go v0.37.1 h1:QTv/5ha4jAHtW9qxxVBkQVFBRDb4jHfFopQqqMdc+wM=
k8s.io/client-go v0.37.1/go.mod h1:dnAPtTnCNY38Ho04D2KdY1F4IKausa9UbqaAZKl60SY=
sigs.k8s.io/yaml v1.6.0 h1:G8fkbMSAFqgEFgh4b1wmtzDnioxFCUgTZhlbj5P9QYs=
sigs.k8s.io/yaml v1.6.0/go.mod h1:796bPqUfzR/0jLAl6XjHl3Ck7MiyVv8dbTdyT3/pMf4=
